
Microsoft Visual Studio Solution File, Format Version 12.00
# Visual Studio Version 16
VisualStudioVersion = 16.0.33214.272
MinimumVisualStudioVersion = 10.0.40219.1
Project("{FAE04EC0-301F-11D3-BF4B-00C04F79EFBC}") = "logreg", "logreg.csproj", "{97C50001-284D-48E3-B61D-C89BF4D51302}"
EndProject
Global
	GlobalSection(SolutionConfigurationPlatforms) = preSolution
		Debug|Any CPU = Debug|Any CPU
		Release|Any CPU = Release|Any CPU
	EndGlobalSection
	GlobalSection(ProjectConfigurationPlatforms) = postSolution
		{97C50001-284D-48E3-B61D-C89BF4D51302}.Debug|Any CPU.ActiveCfg = Debug|Any CPU
		{97C50001-284D-48E3-B61D-C89BF4D51302}.Debug|Any CPU.Build.0 = Debug|Any CPU
		{97C50001-284D-48E3-B61D-C89BF4D51302}.Release|Any CPU.ActiveCfg = Release|Any CPU
		{97C50001-284D-48E3-B61D-C89BF4D51302}.Release|Any CPU.Build.0 = Release|Any CPU
	EndGlobalSection
	GlobalSection(SolutionProperties) = preSolution
		HideSolutionNode = FALSE
	EndGlobalSection
	GlobalSection(ExtensibilityGlobals) = postSolution
		SolutionGuid = {2E3E08A0-EF8F-4AB8-9C6A-733159B5BBD6}
	EndGlobalSection
EndGlobal
